
Microsoft Visual Studio Solution File, Format Version 12.00
# Visual Studio Version 17
VisualStudioVersion = 17.8.34330.188
MinimumVisualStudioVersion = 10.0.40219.1
Project("{FAE04EC0-301F-11D3-BF4B-00C04F79EFBC}") = "bislerium-cafe-pos", "bislerium-cafe-pos\bislerium-cafe-pos.csproj", "{39CEE725-0BF4-4924-84EB-22D03B0B1579}"
EndProject
Global
	GlobalSection(SolutionConfigurationPlatforms) = preSolution
		Debug|Any CPU = Debug|Any CPU
		Release|Any CPU = Release|Any CPU
	EndGlobalSection
	GlobalSection(ProjectConfigurationPlatforms) = postSolution
		{39CEE725-0BF4-4924-84EB-22D03B0B1579}.Debug|Any CPU.ActiveCfg = Debug|Any CPU
		{39CEE725-0BF4-4924-84EB-22D03B0B1579}.Debug|Any CPU.Build.0 = Debug|Any CPU
		{39CEE725-0BF4-4924-84EB-22D03B0B1579}.Debug|Any CPU.Deploy.0 = Debug|Any CPU
		{39CEE725-0BF4-4924-84EB-22D03B0B1579}.Release|Any CPU.ActiveCfg = Release|Any CPU
		{39CEE725-0BF4-4924-84EB-22D03B0B1579}.Release|Any CPU.Build.0 = Release|Any CPU
		{39CEE725-0BF4-4924-84EB-22D03B0B1579}.Release|Any CPU.Deploy.0 = Release|Any CPU
	EndGlobalSection
	GlobalSection(SolutionProperties) = preSolution
		HideSolutionNode = FALSE
	EndGlobalSection
	GlobalSection(ExtensibilityGlobals) = postSolution
		SolutionGuid = {8AA63E77-E804-48B1-A32F-ABD115E44A98}
	EndGlobalSection
EndGlobal
